
Microsoft Visual Studio Solution File, Format Version 12.00
# Visual Studio Version 16
VisualStudioVersion = 16.0.35325.158
MinimumVisualStudioVersion = 10.0.40219.1
Project("{FAE04EC0-301F-11D3-BF4B-00C04F79EFBC}") = "Traffic ll Sm", "Traffic ll Sm\Traffic ll Sm.csproj", "{11778DD8-6EB5-452B-B980-81C18F277E0D}"
EndProject
Global
	GlobalSection(SolutionConfigurationPlatforms) = preSolution
		Debug|Any CPU = Debug|Any CPU
		Release|Any CPU = Release|Any CPU
	EndGlobalSection
	GlobalSection(ProjectConfigurationPlatforms) = postSolution
		{11778DD8-6EB5-452B-B980-81C18F277E0D}.Debug|Any CPU.ActiveCfg = Debug|Any CPU
		{11778DD8-6EB5-452B-B980-81C18F277E0D}.Debug|Any CPU.Build.0 = Debug|Any CPU
		{11778DD8-6EB5-452B-B980-81C18F277E0D}.Release|Any CPU.ActiveCfg = Release|Any CPU
		{11778DD8-6EB5-452B-B980-81C18F277E0D}.Release|Any CPU.Build.0 = Release|Any CPU
	EndGlobalSection
	GlobalSection(SolutionProperties) = preSolution
		HideSolutionNode = FALSE
	EndGlobalSection
	GlobalSection(ExtensibilityGlobals) = postSolution
		SolutionGuid = {C98A5685-B0DB-417C-BD2D-642CE9E8F11A}
	EndGlobalSection
EndGlobal
